
Microsoft Visual Studio Solution File, Format Version 12.00
# Visual Studio 15
VisualStudioVersion = 15.0.28307.329
MinimumVisualStudioVersion = 10.0.40219.1
Project("{FAE04EC0-301F-11D3-BF4B-00C04F79EFBC}") = "Ex6", "Ex6\Ex6.csproj", "{0ADEC359-230E-4732-8075-5EE435A29DED}"
EndProject
Global
	GlobalSection(SolutionConfigurationPlatforms) = preSolution
		Debug|Any CPU = Debug|Any CPU
		Release|Any CPU = Release|Any CPU
	EndGlobalSection
	GlobalSection(ProjectConfigurationPlatforms) = postSolution
		{0ADEC359-230E-4732-8075-5EE435A29DED}.Debug|Any CPU.ActiveCfg = Debug|Any CPU
		{0ADEC359-230E-4732-8075-5EE435A29DED}.Debug|Any CPU.Build.0 = Debug|Any CPU
		{0ADEC359-230E-4732-8075-5EE435A29DED}.Release|Any CPU.ActiveCfg = Release|Any CPU
		{0ADEC359-230E-4732-8075-5EE435A29DED}.Release|Any CPU.Build.0 = Release|Any CPU
	EndGlobalSection
	GlobalSection(SolutionProperties) = preSolution
		HideSolutionNode = FALSE
	EndGlobalSection
	GlobalSection(ExtensibilityGlobals) = postSolution
		SolutionGuid = {23A44D64-7165-4880-AF28-B91CB13FCAF9}
	EndGlobalSection
EndGlobal
