
Microsoft Visual Studio Solution File, Format Version 12.00
# Visual Studio 15
VisualStudioVersion = 15.0.28307.329
MinimumVisualStudioVersion = 10.0.40219.1
Project("{FAE04EC0-301F-11D3-BF4B-00C04F79EFBC}") = "Ex7", "Ex7\Ex7.csproj", "{8A859B0A-2AEE-409B-A7C4-2B635489B7BC}"
EndProject
Global
	GlobalSection(SolutionConfigurationPlatforms) = preSolution
		Debug|Any CPU = Debug|Any CPU
		Release|Any CPU = Release|Any CPU
	EndGlobalSection
	GlobalSection(ProjectConfigurationPlatforms) = postSolution
		{8A859B0A-2AEE-409B-A7C4-2B635489B7BC}.Debug|Any CPU.ActiveCfg = Debug|Any CPU
		{8A859B0A-2AEE-409B-A7C4-2B635489B7BC}.Debug|Any CPU.Build.0 = Debug|Any CPU
		{8A859B0A-2AEE-409B-A7C4-2B635489B7BC}.Release|Any CPU.ActiveCfg = Release|Any CPU
		{8A859B0A-2AEE-409B-A7C4-2B635489B7BC}.Release|Any CPU.Build.0 = Release|Any CPU
	EndGlobalSection
	GlobalSection(SolutionProperties) = preSolution
		HideSolutionNode = FALSE
	EndGlobalSection
	GlobalSection(ExtensibilityGlobals) = postSolution
		SolutionGuid = {42E7162F-684A-4672-80DE-6EA14FF6F05E}
	EndGlobalSection
EndGlobal
